
Microsoft Visual Studio Solution File, Format Version 12.00
# Visual Studio Version 16
VisualStudioVersion = 16.0.35229.62
MinimumVisualStudioVersion = 10.0.40219.1
Project("{8BC9CEB8-8B4A-11D0-8D11-00A0C91BC942}") = "Windows Memory Management", "Windows Memory Management.vcxproj", "{089FA95E-B5BE-4759-BF34-6B6F07F0CEC8}"
EndProject
Global
	GlobalSection(SolutionConfigurationPlatforms) = preSolution
		Debug|x64 = Debug|x64
		Debug|x86 = Debug|x86
		Release|x64 = Release|x64
		Release|x86 = Release|x86
	EndGlobalSection
	GlobalSection(ProjectConfigurationPlatforms) = postSolution
		{089FA95E-B5BE-4759-BF34-6B6F07F0CEC8}.Debug|x64.ActiveCfg = Debug|x64
		{089FA95E-B5BE-4759-BF34-6B6F07F0CEC8}.Debug|x64.Build.0 = Debug|x64
		{089FA95E-B5BE-4759-BF34-6B6F07F0CEC8}.Debug|x86.ActiveCfg = Debug|Win32
		{089FA95E-B5BE-4759-BF34-6B6F07F0CEC8}.Debug|x86.Build.0 = Debug|Win32
		{089FA95E-B5BE-4759-BF34-6B6F07F0CEC8}.Release|x64.ActiveCfg = Release|x64
		{089FA95E-B5BE-4759-BF34-6B6F07F0CEC8}.Release|x64.Build.0 = Release|x64
		{089FA95E-B5BE-4759-BF34-6B6F07F0CEC8}.Release|x86.ActiveCfg = Release|Win32
		{089FA95E-B5BE-4759-BF34-6B6F07F0CEC8}.Release|x86.Build.0 = Release|Win32
	EndGlobalSection
	GlobalSection(SolutionProperties) = preSolution
		HideSolutionNode = FALSE
	EndGlobalSection
	GlobalSection(ExtensibilityGlobals) = postSolution
		SolutionGuid = {97D96956-F97B-49C2-99C6-51695DF91C35}
	EndGlobalSection
EndGlobal
